
Microsoft Visual Studio Solution File, Format Version 12.00
# Visual Studio Version 17
VisualStudioVersion = 17.6.33801.468
MinimumVisualStudioVersion = 10.0.40219.1
Project("{FAE04EC0-301F-11D3-BF4B-00C04F79EFBC}") = "AcrylicHelper", "AcrylicHelper.csproj", "{32A53F2B-7977-449B-A0FA-27D2A95D7A21}"
EndProject
Global
	GlobalSection(SolutionConfigurationPlatforms) = preSolution
		Debug|Any CPU = Debug|Any CPU
		Release|Any CPU = Release|Any CPU
	EndGlobalSection
	GlobalSection(ProjectConfigurationPlatforms) = postSolution
		{32A53F2B-7977-449B-A0FA-27D2A95D7A21}.Debug|Any CPU.ActiveCfg = Debug|Any CPU
		{32A53F2B-7977-449B-A0FA-27D2A95D7A21}.Debug|Any CPU.Build.0 = Debug|Any CPU
		{32A53F2B-7977-449B-A0FA-27D2A95D7A21}.Release|Any CPU.ActiveCfg = Release|Any CPU
		{32A53F2B-7977-449B-A0FA-27D2A95D7A21}.Release|Any CPU.Build.0 = Release|Any CPU
	EndGlobalSection
	GlobalSection(SolutionProperties) = preSolution
		HideSolutionNode = FALSE
	EndGlobalSection
	GlobalSection(ExtensibilityGlobals) = postSolution
		SolutionGuid = {40DE19A1-9352-4D73-8F9C-974D04C83F33}
	EndGlobalSection
EndGlobal
